
Microsoft Visual Studio Solution File, Format Version 12.00
# Visual Studio Version 16
VisualStudioVersion = 16.0.31515.178
MinimumVisualStudioVersion = 10.0.40219.1
Project("{FAE04EC0-301F-11D3-BF4B-00C04F79EFBC}") = "task1", "task1\task1.csproj", "{FA464B0F-2E3E-4E3A-B192-AC6C4B082DEE}"
EndProject
Project("{FAE04EC0-301F-11D3-BF4B-00C04F79EFBC}") = "task2", "task2\task2.csproj", "{B38A4C2D-4A4A-437B-9569-45DCE924F4F5}"
EndProject
Global
	GlobalSection(SolutionConfigurationPlatforms) = preSolution
		Debug|Any CPU = Debug|Any CPU
		Release|Any CPU = Release|Any CPU
	EndGlobalSection
	GlobalSection(ProjectConfigurationPlatforms) = postSolution
		{FA464B0F-2E3E-4E3A-B192-AC6C4B082DEE}.Debug|Any CPU.ActiveCfg = Debug|Any CPU
		{FA464B0F-2E3E-4E3A-B192-AC6C4B082DEE}.Debug|Any CPU.Build.0 = Debug|Any CPU
		{FA464B0F-2E3E-4E3A-B192-AC6C4B082DEE}.Release|Any CPU.ActiveCfg = Release|Any CPU
		{FA464B0F-2E3E-4E3A-B192-AC6C4B082DEE}.Release|Any CPU.Build.0 = Release|Any CPU
		{B38A4C2D-4A4A-437B-9569-45DCE924F4F5}.Debug|Any CPU.ActiveCfg = Debug|Any CPU
		{B38A4C2D-4A4A-437B-9569-45DCE924F4F5}.Debug|Any CPU.Build.0 = Debug|Any CPU
		{B38A4C2D-4A4A-437B-9569-45DCE924F4F5}.Release|Any CPU.ActiveCfg = Release|Any CPU
		{B38A4C2D-4A4A-437B-9569-45DCE924F4F5}.Release|Any CPU.Build.0 = Release|Any CPU
	EndGlobalSection
	GlobalSection(SolutionProperties) = preSolution
		HideSolutionNode = FALSE
	EndGlobalSection
	GlobalSection(ExtensibilityGlobals) = postSolution
		SolutionGuid = {30DEC8C7-1904-401B-A1F2-F50CA0BE6BC6}
	EndGlobalSection
EndGlobal
